// !$*UTF8*$!
{
	archiveVersion = 1;
	classes = {
	};
	objectVersion = 56;
	objects = {

/* Begin PBXBuildFile section */
		10B8A1CD2D1D64160097FF38 /* AppDelegate.swift in Sources */ = {isa = PBXBuildFile; fileRef = 10B8A1CC2D1D64160097FF38 /* AppDelegate.swift */; };
		10B8A1CF2D1D64160097FF38 /* SceneDelegate.swift in Sources */ = {isa = PBXBuildFile; fileRef = 10B8A1CE2D1D64160097FF38 /* SceneDelegate.swift */; };
		10B8A1D12D1D64160097FF38 /* ViewController.swift in Sources */ = {isa = PBXBuildFile; fileRef = 10B8A1D02D1D64160097FF38 /* ViewController.swift */; };
		10B8A1D42D1D64160097FF38 /* Main.storyboard in Resources */ = {isa = PBXBuildFile; fileRef = 10B8A1D22D1D64160097FF38 /* Main.storyboard */; };
		10B8A1D62D1D641A0097FF38 /* Assets.xcassets in Resources */ = {isa = PBXBuildFile; fileRef = 10B8A1D52D1D641A0097FF38 /* Assets.xcassets */; };
		10B8A1D92D1D641A0097FF38 /* LaunchScreen.storyboard in Resources */ = {isa = PBXBuildFile; fileRef = 10B8A1D72D1D641A0097FF38 /* LaunchScreen.storyboard */; };
		10B8A1E42D1D641B0097FF38 /* ControlHomeDevicesTests.swift in Sources */ = {isa = PBXBuildFile; fileRef = 10B8A1E32D1D641B0097FF38 /* ControlHomeDevicesTests.swift */; };
		10B8A1EE2D1D641B0097FF38 /* ControlHomeDevicesUITests.swift in Sources */ = {isa = PBXBuildFile; fileRef = 10B8A1ED2D1D641B0097FF38 /* ControlHomeDevicesUITests.swift */; };
		10B8A1F02D1D641B0097FF38 /* ControlHomeDevicesUITestsLaunchTests.swift in Sources */ = {isa = PBXBuildFile; fileRef = 10B8A1EF2D1D641B0097FF38 /* ControlHomeDevicesUITestsLaunchTests.swift */; };
		10B8A2052D1D65E70097FF38 /* Constants.swift in Sources */ = {isa = PBXBuildFile; fileRef = 10B8A2042D1D65E70097FF38 /* Constants.swift */; };
		10B8A2092D1D719D0097FF38 /* GoogleService-Info.plist in Resources */ = {isa = PBXBuildFile; fileRef = 10B8A2082D1D719D0097FF38 /* GoogleService-Info.plist */; };
		10B8A2102D1D7B930097FF38 /* LoginViewController.swift in Sources */ = {isa = PBXBuildFile; fileRef = 10B8A20E2D1D7B930097FF38 /* LoginViewController.swift */; };
		10B8A2112D1D7B930097FF38 /* LoginViewController.xib in Resources */ = {isa = PBXBuildFile; fileRef = 10B8A20F2D1D7B930097FF38 /* LoginViewController.xib */; };
		10B8A21E2D1DA3960097FF38 /* swiftgen.config.yml in Resources */ = {isa = PBXBuildFile; fileRef = 10B8A21C2D1DA3960097FF38 /* swiftgen.config.yml */; };
		10B8A21F2D1DA3960097FF38 /* template.stencil in Resources */ = {isa = PBXBuildFile; fileRef = 10B8A21D2D1DA3960097FF38 /* template.stencil */; };
		10B8A2322D1DBD230097FF38 /* Localizable.strings in Resources */ = {isa = PBXBuildFile; fileRef = 10B8A2342D1DBD230097FF38 /* Localizable.strings */; };
		10B8A2442D1DF0420097FF38 /* Strings.swift in Sources */ = {isa = PBXBuildFile; fileRef = 10B8A2422D1DF0420097FF38 /* Strings.swift */; };
		10B8A2462D1E9CBD0097FF38 /* Device.swift in Sources */ = {isa = PBXBuildFile; fileRef = 10B8A2452D1E9CBD0097FF38 /* Device.swift */; };
		10B8A2482D1E9D320097FF38 /* DeviceType.swift in Sources */ = {isa = PBXBuildFile; fileRef = 10B8A2472D1E9D320097FF38 /* DeviceType.swift */; };
		10B8A24D2D1E9FC10097FF38 /* HomeViewController.swift in Sources */ = {isa = PBXBuildFile; fileRef = 10B8A24B2D1E9FC10097FF38 /* HomeViewController.swift */; };
		10B8A24E2D1E9FC10097FF38 /* HomeViewController.xib in Resources */ = {isa = PBXBuildFile; fileRef = 10B8A24C2D1E9FC10097FF38 /* HomeViewController.xib */; };
		10B8A2502D1EA1340097FF38 /* Room.swift in Sources */ = {isa = PBXBuildFile; fileRef = 10B8A24F2D1EA1340097FF38 /* Room.swift */; };
		10B8A2522D1EA41D0097FF38 /* HomeViewModel.swift in Sources */ = {isa = PBXBuildFile; fileRef = 10B8A2512D1EA41D0097FF38 /* HomeViewModel.swift */; };
		10B8A2562D1EB8690097FF38 /* RoomCollectionViewCell.swift in Sources */ = {isa = PBXBuildFile; fileRef = 10B8A2542D1EB8690097FF38 /* RoomCollectionViewCell.swift */; };
		10B8A2572D1EB8690097FF38 /* RoomCollectionViewCell.xib in Resources */ = {isa = PBXBuildFile; fileRef = 10B8A2552D1EB8690097FF38 /* RoomCollectionViewCell.xib */; };
		10B8A25A2D1EB8810097FF38 /* DeviceCollectionViewCell.swift in Sources */ = {isa = PBXBuildFile; fileRef = 10B8A2582D1EB8810097FF38 /* DeviceCollectionViewCell.swift */; };
		10B8A25B2D1EB8810097FF38 /* DeviceCollectionViewCell.xib in Resources */ = {isa = PBXBuildFile; fileRef = 10B8A2592D1EB8810097FF38 /* DeviceCollectionViewCell.xib */; };
		532E912BF1D9FFBE8FAC4BB2 /* Pods_ControlHomeDevices_ControlHomeDevicesUITests.framework in Frameworks */ = {isa = PBXBuildFile; fileRef = 62D2B5E9339BB02F7B80FE1D /* Pods_ControlHomeDevices_ControlHomeDevicesUITests.framework */; };
		C4F45FC12A18ABCC8F33E20B /* Pods_ControlHomeDevices.framework in Frameworks */ = {isa = PBXBuildFile; fileRef = 5FD774D02E5F548C97C69052 /* Pods_ControlHomeDevices.framework */; };
		EA4C5256E4DEBE4C6FBBC7D9 /* Pods_ControlHomeDevicesTests.framework in Frameworks */ = {isa = PBXBuildFile; fileRef = 38031FFAF491C8F75B2B2F46 /* Pods_ControlHomeDevicesTests.framework */; };
/* End PBXBuildFile section */

/* Begin PBXContainerItemProxy section */
		10B8A1E02D1D641B0097FF38 /* PBXContainerItemProxy */ = {
			isa = PBXContainerItemProxy;
			containerPortal = 10B8A1C12D1D64160097FF38 /* Project object */;
			proxyType = 1;
			remoteGlobalIDString = 10B8A1C82D1D64160097FF38;
			remoteInfo = ControlHomeDevices;
		};
		10B8A1EA2D1D641B0097FF38 /* PBXContainerItemProxy */ = {
			isa = PBXContainerItemProxy;
			containerPortal = 10B8A1C12D1D64160097FF38 /* Project object */;
			proxyType = 1;
			remoteGlobalIDString = 10B8A1C82D1D64160097FF38;
			remoteInfo = ControlHomeDevices;
		};
/* End PBXContainerItemProxy section */

/* Begin PBXFileReference section */
		10B8A1C92D1D64160097FF38 /* ControlHomeDevices.app */ = {isa = PBXFileReference; explicitFileType = wrapper.application; includeInIndex = 0; path = ControlHomeDevices.app; sourceTree = BUILT_PRODUCTS_DIR; };
		10B8A1CC2D1D64160097FF38 /* AppDelegate.swift */ = {isa = PBXFileReference; lastKnownFileType = sourcecode.swift; path = AppDelegate.swift; sourceTree = "<group>"; };
		10B8A1CE2D1D64160097FF38 /* SceneDelegate.swift */ = {isa = PBXFileReference; lastKnownFileType = sourcecode.swift; path = SceneDelegate.swift; sourceTree = "<group>"; };
		10B8A1D02D1D64160097FF38 /* ViewController.swift */ = {isa = PBXFileReference; lastKnownFileType = sourcecode.swift; path = ViewController.swift; sourceTree = "<group>"; };
		10B8A1D32D1D64160097FF38 /* Base */ = {isa = PBXFileReference; lastKnownFileType = file.storyboard; name = Base; path = Base.lproj/Main.storyboard; sourceTree = "<group>"; };
		10B8A1D52D1D641A0097FF38 /* Assets.xcassets */ = {isa = PBXFileReference; lastKnownFileType = folder.assetcatalog; path = Assets.xcassets; sourceTree = "<group>"; };
		10B8A1D82D1D641A0097FF38 /* Base */ = {isa = PBXFileReference; lastKnownFileType = file.storyboard; name = Base; path = Base.lproj/LaunchScreen.storyboard; sourceTree = "<group>"; };
		10B8A1DF2D1D641B0097FF38 /* ControlHomeDevicesTests.xctest */ = {isa = PBXFileReference; explicitFileType = wrapper.cfbundle; includeInIndex = 0; path = ControlHomeDevicesTests.xctest; sourceTree = BUILT_PRODUCTS_DIR; };
		10B8A1E32D1D641B0097FF38 /* ControlHomeDevicesTests.swift */ = {isa = PBXFileReference; lastKnownFileType = sourcecode.swift; path = ControlHomeDevicesTests.swift; sourceTree = "<group>"; };
		10B8A1E92D1D641B0097FF38 /* ControlHomeDevicesUITests.xctest */ = {isa = PBXFileReference; explicitFileType = wrapper.cfbundle; includeInIndex = 0; path = ControlHomeDevicesUITests.xctest; sourceTree = BUILT_PRODUCTS_DIR; };
		10B8A1ED2D1D641B0097FF38 /* ControlHomeDevicesUITests.swift */ = {isa = PBXFileReference; lastKnownFileType = sourcecode.swift; path = ControlHomeDevicesUITests.swift; sourceTree = "<group>"; };
		10B8A1EF2D1D641B0097FF38 /* ControlHomeDevicesUITestsLaunchTests.swift */ = {isa = PBXFileReference; lastKnownFileType = sourcecode.swift; path = ControlHomeDevicesUITestsLaunchTests.swift; sourceTree = "<group>"; };
		10B8A2042D1D65E70097FF38 /* Constants.swift */ = {isa = PBXFileReference; lastKnownFileType = sourcecode.swift; path = Constants.swift; sourceTree = "<group>"; };
		10B8A2082D1D719D0097FF38 /* GoogleService-Info.plist */ = {isa = PBXFileReference; fileEncoding = 4; lastKnownFileType = text.plist.xml; name = "GoogleService-Info.plist"; path = "../../../Downloads/GoogleService-Info.plist"; sourceTree = "<group>"; };
		10B8A20E2D1D7B930097FF38 /* LoginViewController.swift */ = {isa = PBXFileReference; lastKnownFileType = sourcecode.swift; path = LoginViewController.swift; sourceTree = "<group>"; };
		10B8A20F2D1D7B930097FF38 /* LoginViewController.xib */ = {isa = PBXFileReference; lastKnownFileType = file.xib; path = LoginViewController.xib; sourceTree = "<group>"; };
		10B8A21C2D1DA3960097FF38 /* swiftgen.config.yml */ = {isa = PBXFileReference; fileEncoding = 4; lastKnownFileType = text.yaml; path = swiftgen.config.yml; sourceTree = "<group>"; };
		10B8A21D2D1DA3960097FF38 /* template.stencil */ = {isa = PBXFileReference; fileEncoding = 4; lastKnownFileType = text; path = template.stencil; sourceTree = "<group>"; };
		10B8A22D2D1DBA640097FF38 /* Info.plist */ = {isa = PBXFileReference; lastKnownFileType = text.plist.xml; path = Info.plist; sourceTree = "<group>"; };
		10B8A22F2D1DBCFB0097FF38 /* en */ = {isa = PBXFileReference; lastKnownFileType = text.plist.strings; name = en; path = en.lproj/Main.strings; sourceTree = "<group>"; };
		10B8A2332D1DBD230097FF38 /* en */ = {isa = PBXFileReference; lastKnownFileType = text.plist.strings; name = en; path = en.lproj/Localizable.strings; sourceTree = "<group>"; };
		10B8A2362D1DBDEE0097FF38 /* fr */ = {isa = PBXFileReference; lastKnownFileType = text.plist.strings; name = fr; path = fr.lproj/Main.strings; sourceTree = "<group>"; };
		10B8A2372D1DBDEE0097FF38 /* fr */ = {isa = PBXFileReference; lastKnownFileType = text.plist.strings; name = fr; path = fr.lproj/LaunchScreen.strings; sourceTree = "<group>"; };
		10B8A2382D1DBDEE0097FF38 /* fr */ = {isa = PBXFileReference; lastKnownFileType = text.plist.strings; name = fr; path = fr.lproj/Localizable.strings; sourceTree = "<group>"; };
		10B8A2422D1DF0420097FF38 /* Strings.swift */ = {isa = PBXFileReference; fileEncoding = 4; lastKnownFileType = sourcecode.swift; path = Strings.swift; sourceTree = "<group>"; };
		10B8A2452D1E9CBD0097FF38 /* Device.swift */ = {isa = PBXFileReference; lastKnownFileType = sourcecode.swift; path = Device.swift; sourceTree = "<group>"; };
		10B8A2472D1E9D320097FF38 /* DeviceType.swift */ = {isa = PBXFileReference; lastKnownFileType = sourcecode.swift; path = DeviceType.swift; sourceTree = "<group>"; };
		10B8A24B2D1E9FC10097FF38 /* HomeViewController.swift */ = {isa = PBXFileReference; lastKnownFileType = sourcecode.swift; path = HomeViewController.swift; sourceTree = "<group>"; };
		10B8A24C2D1E9FC10097FF38 /* HomeViewController.xib */ = {isa = PBXFileReference; lastKnownFileType = file.xib; path = HomeViewController.xib; sourceTree = "<group>"; };
		10B8A24F2D1EA1340097FF38 /* Room.swift */ = {isa = PBXFileReference; lastKnownFileType = sourcecode.swift; path = Room.swift; sourceTree = "<group>"; };
		10B8A2512D1EA41D0097FF38 /* HomeViewModel.swift */ = {isa = PBXFileReference; lastKnownFileType = sourcecode.swift; path = HomeViewModel.swift; sourceTree = "<group>"; };
		10B8A2542D1EB8690097FF38 /* RoomCollectionViewCell.swift */ = {isa = PBXFileReference; lastKnownFileType = sourcecode.swift; path = RoomCollectionViewCell.swift; sourceTree = "<group>"; };
		10B8A2552D1EB8690097FF38 /* RoomCollectionViewCell.xib */ = {isa = PBXFileReference; lastKnownFileType = file.xib; path = RoomCollectionViewCell.xib; sourceTree = "<group>"; };
		10B8A2582D1EB8810097FF38 /* DeviceCollectionViewCell.swift */ = {isa = PBXFileReference; lastKnownFileType = sourcecode.swift; path = DeviceCollectionViewCell.swift; sourceTree = "<group>"; };
		10B8A2592D1EB8810097FF38 /* DeviceCollectionViewCell.xib */ = {isa = PBXFileReference; lastKnownFileType = file.xib; path = DeviceCollectionViewCell.xib; sourceTree = "<group>"; };
		1BCC06A483632A9BA236CF42 /* Pods-ControlHomeDevices-ControlHomeDevicesUITests.release.xcconfig */ = {isa = PBXFileReference; includeInIndex = 1; lastKnownFileType = text.xcconfig; name = "Pods-ControlHomeDevices-ControlHomeDevicesUITests.release.xcconfig"; path = "Target Support Files/Pods-ControlHomeDevices-ControlHomeDevicesUITests/Pods-ControlHomeDevices-ControlHomeDevicesUITests.release.xcconfig"; sourceTree = "<group>"; };
		38031FFAF491C8F75B2B2F46 /* Pods_ControlHomeDevicesTests.framework */ = {isa = PBXFileReference; explicitFileType = wrapper.framework; includeInIndex = 0; path = Pods_ControlHomeDevicesTests.framework; sourceTree = BUILT_PRODUCTS_DIR; };
		467CC94B1F99EB16D5D85BF4 /* Pods-ControlHomeDevicesTests.release.xcconfig */ = {isa = PBXFileReference; includeInIndex = 1; lastKnownFileType = text.xcconfig; name = "Pods-ControlHomeDevicesTests.release.xcconfig"; path = "Target Support Files/Pods-ControlHomeDevicesTests/Pods-ControlHomeDevicesTests.release.xcconfig"; sourceTree = "<group>"; };
		5FD774D02E5F548C97C69052 /* Pods_ControlHomeDevices.framework */ = {isa = PBXFileReference; explicitFileType = wrapper.framework; includeInIndex = 0; path = Pods_ControlHomeDevices.framework; sourceTree = BUILT_PRODUCTS_DIR; };
		62D2B5E9339BB02F7B80FE1D /* Pods_ControlHomeDevices_ControlHomeDevicesUITests.framework */ = {isa = PBXFileReference; explicitFileType = wrapper.framework; includeInIndex = 0; path = Pods_ControlHomeDevices_ControlHomeDevicesUITests.framework; sourceTree = BUILT_PRODUCTS_DIR; };
		7D121CB8999D50D4D06C1C63 /* Pods-ControlHomeDevicesTests.debug.xcconfig */ = {isa = PBXFileReference; includeInIndex = 1; lastKnownFileType = text.xcconfig; name = "Pods-ControlHomeDevicesTests.debug.xcconfig"; path = "Target Support Files/Pods-ControlHomeDevicesTests/Pods-ControlHomeDevicesTests.debug.xcconfig"; sourceTree = "<group>"; };
		8727809FE5B75D0BC4DBB721 /* Pods-ControlHomeDevices.debug.xcconfig */ = {isa = PBXFileReference; includeInIndex = 1; lastKnownFileType = text.xcconfig; name = "Pods-ControlHomeDevices.debug.xcconfig"; path = "Target Support Files/Pods-ControlHomeDevices/Pods-ControlHomeDevices.debug.xcconfig"; sourceTree = "<group>"; };
		B4BD981A13BD518CC9E6F406 /* Pods-ControlHomeDevices.release.xcconfig */ = {isa = PBXFileReference; includeInIndex = 1; lastKnownFileType = text.xcconfig; name = "Pods-ControlHomeDevices.release.xcconfig"; path = "Target Support Files/Pods-ControlHomeDevices/Pods-ControlHomeDevices.release.xcconfig"; sourceTree = "<group>"; };
		C4FE8CE9159D387FF91353C3 /* Pods-ControlHomeDevices-ControlHomeDevicesUITests.debug.xcconfig */ = {isa = PBXFileReference; includeInIndex = 1; lastKnownFileType = text.xcconfig; name = "Pods-ControlHomeDevices-ControlHomeDevicesUITests.debug.xcconfig"; path = "Target Support Files/Pods-ControlHomeDevices-ControlHomeDevicesUITests/Pods-ControlHomeDevices-ControlHomeDevicesUITests.debug.xcconfig"; sourceTree = "<group>"; };
/* End PBXFileReference section */

/* Begin PBXFrameworksBuildPhase section */
		10B8A1C62D1D64160097FF38 /* Frameworks */ = {
			isa = PBXFrameworksBuildPhase;
			buildActionMask = 2147483647;
			files = (
				C4F45FC12A18ABCC8F33E20B /* Pods_ControlHomeDevices.framework in Frameworks */,
			);
			runOnlyForDeploymentPostprocessing = 0;
		};
		10B8A1DC2D1D641B0097FF38 /* Frameworks */ = {
			isa = PBXFrameworksBuildPhase;
			buildActionMask = 2147483647;
			files = (
				EA4C5256E4DEBE4C6FBBC7D9 /* Pods_ControlHomeDevicesTests.framework in Frameworks */,
			);
			runOnlyForDeploymentPostprocessing = 0;
		};
		10B8A1E62D1D641B0097FF38 /* Frameworks */ = {
			isa = PBXFrameworksBuildPhase;
			buildActionMask = 2147483647;
			files = (
				532E912BF1D9FFBE8FAC4BB2 /* Pods_ControlHomeDevices_ControlHomeDevicesUITests.framework in Frameworks */,
			);
			runOnlyForDeploymentPostprocessing = 0;
		};
/* End PBXFrameworksBuildPhase section */

/* Begin PBXGroup section */
		10B8A1C02D1D64160097FF38 = {
			isa = PBXGroup;
			children = (
				10B8A1CB2D1D64160097FF38 /* ControlHomeDevices */,
				10B8A1E22D1D641B0097FF38 /* ControlHomeDevicesTests */,
				10B8A1EC2D1D641B0097FF38 /* ControlHomeDevicesUITests */,
				10B8A1CA2D1D64160097FF38 /* Products */,
				92F6A829F6ED3DBAE678B11F /* Pods */,
				D1DB8503523CC4E04CDBC20C /* Frameworks */,
			);
			sourceTree = "<group>";
		};
		10B8A1CA2D1D64160097FF38 /* Products */ = {
			isa = PBXGroup;
			children = (
				10B8A1C92D1D64160097FF38 /* ControlHomeDevices.app */,
				10B8A1DF2D1D641B0097FF38 /* ControlHomeDevicesTests.xctest */,
				10B8A1E92D1D641B0097FF38 /* ControlHomeDevicesUITests.xctest */,
			);
			name = Products;
			sourceTree = "<group>";
		};
		10B8A1CB2D1D64160097FF38 /* ControlHomeDevices */ = {
			isa = PBXGroup;
			children = (
				10B8A2012D1D659F0097FF38 /* App */,
				10B8A2002D1D65840097FF38 /* Utils */,
				10B8A1FF2D1D657C0097FF38 /* Services */,
				10B8A1FE2D1D65710097FF38 /* ViewModels */,
				10B8A1FD2D1D656B0097FF38 /* Models */,
				10B8A1FC2D1D65640097FF38 /* Views */,
				10B8A1D02D1D64160097FF38 /* ViewController.swift */,
				10B8A1D22D1D64160097FF38 /* Main.storyboard */,
				10B8A1D52D1D641A0097FF38 /* Assets.xcassets */,
				10B8A1D72D1D641A0097FF38 /* LaunchScreen.storyboard */,
				10B8A22D2D1DBA640097FF38 /* Info.plist */,
				10B8A2082D1D719D0097FF38 /* GoogleService-Info.plist */,
			);
			path = ControlHomeDevices;
			sourceTree = "<group>";
		};
		10B8A1E22D1D641B0097FF38 /* ControlHomeDevicesTests */ = {
			isa = PBXGroup;
			children = (
				10B8A1E32D1D641B0097FF38 /* ControlHomeDevicesTests.swift */,
			);
			path = ControlHomeDevicesTests;
			sourceTree = "<group>";
		};
		10B8A1EC2D1D641B0097FF38 /* ControlHomeDevicesUITests */ = {
			isa = PBXGroup;
			children = (
				10B8A1ED2D1D641B0097FF38 /* ControlHomeDevicesUITests.swift */,
				10B8A1EF2D1D641B0097FF38 /* ControlHomeDevicesUITestsLaunchTests.swift */,
			);
			path = ControlHomeDevicesUITests;
			sourceTree = "<group>";
		};
		10B8A1FC2D1D65640097FF38 /* Views */ = {
			isa = PBXGroup;
			children = (
				10B8A20B2D1D7B060097FF38 /* Login */,
				10B8A20A2D1D7AE30097FF38 /* Home */,
				10B8A2032D1D65C10097FF38 /* Common */,
			);
			path = Views;
			sourceTree = "<group>";
		};
		10B8A1FD2D1D656B0097FF38 /* Models */ = {
			isa = PBXGroup;
			children = (
				10B8A2452D1E9CBD0097FF38 /* Device.swift */,
				10B8A2472D1E9D320097FF38 /* DeviceType.swift */,
				10B8A24F2D1EA1340097FF38 /* Room.swift */,
			);
			path = Models;
			sourceTree = "<group>";
		};
		10B8A1FE2D1D65710097FF38 /* ViewModels */ = {
			isa = PBXGroup;
			children = (
				10B8A20D2D1D7B240097FF38 /* Login */,
				10B8A20C2D1D7B160097FF38 /* Home */,
			);
			path = ViewModels;
			sourceTree = "<group>";
		};
		10B8A1FF2D1D657C0097FF38 /* Services */ = {
			isa = PBXGroup;
			children = (
			);
			path = Services;
			sourceTree = "<group>";
		};
		10B8A2002D1D65840097FF38 /* Utils */ = {
			isa = PBXGroup;
			children = (
				10B8A2072D1D65FE0097FF38 /* Helpers */,
				10B8A2062D1D65F30097FF38 /* Extensions */,
				10B8A2042D1D65E70097FF38 /* Constants.swift */,
			);
			path = Utils;
			sourceTree = "<group>";
		};
		10B8A2012D1D659F0097FF38 /* App */ = {
			isa = PBXGroup;
			children = (
				10B8A21C2D1DA3960097FF38 /* swiftgen.config.yml */,
				10B8A21D2D1DA3960097FF38 /* template.stencil */,
				10B8A1CC2D1D64160097FF38 /* AppDelegate.swift */,
				10B8A1CE2D1D64160097FF38 /* SceneDelegate.swift */,
				10B8A2022D1D65AF0097FF38 /* Resources */,
			);
			path = App;
			sourceTree = "<group>";
		};
		10B8A2022D1D65AF0097FF38 /* Resources */ = {
			isa = PBXGroup;
			children = (
				10B8A21B2D1DA3490097FF38 /* Generated */,
				10B8A2342D1DBD230097FF38 /* Localizable.strings */,
			);
			path = Resources;
			sourceTree = "<group>";
		};
		10B8A2032D1D65C10097FF38 /* Common */ = {
			isa = PBXGroup;
			children = (
			);
			path = Common;
			sourceTree = "<group>";
		};
		10B8A2062D1D65F30097FF38 /* Extensions */ = {
			isa = PBXGroup;
			children = (
			);
			path = Extensions;
			sourceTree = "<group>";
		};
		10B8A2072D1D65FE0097FF38 /* Helpers */ = {
			isa = PBXGroup;
			children = (
			);
			path = Helpers;
			sourceTree = "<group>";
		};
		10B8A20A2D1D7AE30097FF38 /* Home */ = {
			isa = PBXGroup;
			children = (
				10B8A2532D1EB8480097FF38 /* Cells */,
				10B8A24B2D1E9FC10097FF38 /* HomeViewController.swift */,
				10B8A24C2D1E9FC10097FF38 /* HomeViewController.xib */,
			);
			path = Home;
			sourceTree = "<group>";
		};
		10B8A20B2D1D7B060097FF38 /* Login */ = {
			isa = PBXGroup;
			children = (
				10B8A20E2D1D7B930097FF38 /* LoginViewController.swift */,
				10B8A20F2D1D7B930097FF38 /* LoginViewController.xib */,
			);
			path = Login;
			sourceTree = "<group>";
		};
		10B8A20C2D1D7B160097FF38 /* Home */ = {
			isa = PBXGroup;
			children = (
				10B8A2512D1EA41D0097FF38 /* HomeViewModel.swift */,
			);
			path = Home;
			sourceTree = "<group>";
		};
		10B8A20D2D1D7B240097FF38 /* Login */ = {
			isa = PBXGroup;
			children = (
			);
			path = Login;
			sourceTree = "<group>";
		};
		10B8A21B2D1DA3490097FF38 /* Generated */ = {
			isa = PBXGroup;
			children = (
				10B8A2422D1DF0420097FF38 /* Strings.swift */,
			);
			path = Generated;
			sourceTree = "<group>";
		};
		10B8A2532D1EB8480097FF38 /* Cells */ = {
			isa = PBXGroup;
			children = (
				10B8A2542D1EB8690097FF38 /* RoomCollectionViewCell.swift */,
				10B8A2552D1EB8690097FF38 /* RoomCollectionViewCell.xib */,
				10B8A2582D1EB8810097FF38 /* DeviceCollectionViewCell.swift */,
				10B8A2592D1EB8810097FF38 /* DeviceCollectionViewCell.xib */,
			);
			path = Cells;
			sourceTree = "<group>";
		};
		92F6A829F6ED3DBAE678B11F /* Pods */ = {
			isa = PBXGroup;
			children = (
				8727809FE5B75D0BC4DBB721 /* Pods-ControlHomeDevices.debug.xcconfig */,
				B4BD981A13BD518CC9E6F406 /* Pods-ControlHomeDevices.release.xcconfig */,
				C4FE8CE9159D387FF91353C3 /* Pods-ControlHomeDevices-ControlHomeDevicesUITests.debug.xcconfig */,
				1BCC06A483632A9BA236CF42 /* Pods-ControlHomeDevices-ControlHomeDevicesUITests.release.xcconfig */,
				7D121CB8999D50D4D06C1C63 /* Pods-ControlHomeDevicesTests.debug.xcconfig */,
				467CC94B1F99EB16D5D85BF4 /* Pods-ControlHomeDevicesTests.release.xcconfig */,
			);
			path = Pods;
			sourceTree = "<group>";
		};
		D1DB8503523CC4E04CDBC20C /* Frameworks */ = {
			isa = PBXGroup;
			children = (
				5FD774D02E5F548C97C69052 /* Pods_ControlHomeDevices.framework */,
				62D2B5E9339BB02F7B80FE1D /* Pods_ControlHomeDevices_ControlHomeDevicesUITests.framework */,
				38031FFAF491C8F75B2B2F46 /* Pods_ControlHomeDevicesTests.framework */,
			);
			name = Frameworks;
			sourceTree = "<group>";
		};
/* End PBXGroup section */

/* Begin PBXNativeTarget section */
		10B8A1C82D1D64160097FF38 /* ControlHomeDevices */ = {
			isa = PBXNativeTarget;
			buildConfigurationList = 10B8A1F32D1D641B0097FF38 /* Build configuration list for PBXNativeTarget "ControlHomeDevices" */;
			buildPhases = (
				94E72A66DD68E818D8DFC689 /* [CP] Check Pods Manifest.lock */,
				10B8A1C52D1D64160097FF38 /* Sources */,
				10B8A1C62D1D64160097FF38 /* Frameworks */,
				10B8A1C72D1D64160097FF38 /* Resources */,
				10B8A2202D1DA6C00097FF38 /* Swift Gen */,
				05850D705D5703C7C8AC6B46 /* [CP] Embed Pods Frameworks */,
			);
			buildRules = (
			);
			dependencies = (
			);
			name = ControlHomeDevices;
			productName = ControlHomeDevices;
			productReference = 10B8A1C92D1D64160097FF38 /* ControlHomeDevices.app */;
			productType = "com.apple.product-type.application";
		};
		10B8A1DE2D1D641B0097FF38 /* ControlHomeDevicesTests */ = {
			isa = PBXNativeTarget;
			buildConfigurationList = 10B8A1F62D1D641B0097FF38 /* Build configuration list for PBXNativeTarget "ControlHomeDevicesTests" */;
			buildPhases = (
				71ABD6C4EB225C3436B0978F /* [CP] Check Pods Manifest.lock */,
				10B8A1DB2D1D641B0097FF38 /* Sources */,
				10B8A1DC2D1D641B0097FF38 /* Frameworks */,
				10B8A1DD2D1D641B0097FF38 /* Resources */,
			);
			buildRules = (
			);
			dependencies = (
				10B8A1E12D1D641B0097FF38 /* PBXTargetDependency */,
			);
			name = ControlHomeDevicesTests;
			productName = ControlHomeDevicesTests;
			productReference = 10B8A1DF2D1D641B0097FF38 /* ControlHomeDevicesTests.xctest */;
			productType = "com.apple.product-type.bundle.unit-test";
		};
		10B8A1E82D1D641B0097FF38 /* ControlHomeDevicesUITests */ = {
			isa = PBXNativeTarget;
			buildConfigurationList = 10B8A1F92D1D641B0097FF38 /* Build configuration list for PBXNativeTarget "ControlHomeDevicesUITests" */;
			buildPhases = (
				EF5679238A05D157F0989C2A /* [CP] Check Pods Manifest.lock */,
				10B8A1E52D1D641B0097FF38 /* Sources */,
				10B8A1E62D1D641B0097FF38 /* Frameworks */,
				10B8A1E72D1D641B0097FF38 /* Resources */,
				4CF8F2BB91F5B1C3C35786C8 /* [CP] Embed Pods Frameworks */,
			);
			buildRules = (
			);
			dependencies = (
				10B8A1EB2D1D641B0097FF38 /* PBXTargetDependency */,
			);
			name = ControlHomeDevicesUITests;
			productName = ControlHomeDevicesUITests;
			productReference = 10B8A1E92D1D641B0097FF38 /* ControlHomeDevicesUITests.xctest */;
			productType = "com.apple.product-type.bundle.ui-testing";
		};
/* End PBXNativeTarget section */

/* Begin PBXProject section */
		10B8A1C12D1D64160097FF38 /* Project object */ = {
			isa = PBXProject;
			attributes = {
				BuildIndependentTargetsInParallel = 1;
				LastSwiftUpdateCheck = 1500;
				LastUpgradeCheck = 1500;
				TargetAttributes = {
					10B8A1C82D1D64160097FF38 = {
						CreatedOnToolsVersion = 15.0;
					};
					10B8A1DE2D1D641B0097FF38 = {
						CreatedOnToolsVersion = 15.0;
						TestTargetID = 10B8A1C82D1D64160097FF38;
					};
					10B8A1E82D1D641B0097FF38 = {
						CreatedOnToolsVersion = 15.0;
						TestTargetID = 10B8A1C82D1D64160097FF38;
					};
				};
			};
			buildConfigurationList = 10B8A1C42D1D64160097FF38 /* Build configuration list for PBXProject "ControlHomeDevices" */;
			compatibilityVersion = "Xcode 14.0";
			developmentRegion = en;
			hasScannedForEncodings = 0;
			knownRegions = (
				en,
				Base,
				fr,
			);
			mainGroup = 10B8A1C02D1D64160097FF38;
			productRefGroup = 10B8A1CA2D1D64160097FF38 /* Products */;
			projectDirPath = "";
			projectRoot = "";
			targets = (
				10B8A1C82D1D64160097FF38 /* ControlHomeDevices */,
				10B8A1DE2D1D641B0097FF38 /* ControlHomeDevicesTests */,
				10B8A1E82D1D641B0097FF38 /* ControlHomeDevicesUITests */,
			);
		};
/* End PBXProject section */

/* Begin PBXResourcesBuildPhase section */
		10B8A1C72D1D64160097FF38 /* Resources */ = {
			isa = PBXResourcesBuildPhase;
			buildActionMask = 2147483647;
			files = (
				10B8A2112D1D7B930097FF38 /* LoginViewController.xib in Resources */,
				10B8A2322D1DBD230097FF38 /* Localizable.strings in Resources */,
				10B8A1D92D1D641A0097FF38 /* LaunchScreen.storyboard in Resources */,
				10B8A2092D1D719D0097FF38 /* GoogleService-Info.plist in Resources */,
				10B8A21F2D1DA3960097FF38 /* template.stencil in Resources */,
				10B8A2572D1EB8690097FF38 /* RoomCollectionViewCell.xib in Resources */,
				10B8A1D62D1D641A0097FF38 /* Assets.xcassets in Resources */,
				10B8A1D42D1D64160097FF38 /* Main.storyboard in Resources */,
				10B8A21E2D1DA3960097FF38 /* swiftgen.config.yml in Resources */,
				10B8A25B2D1EB8810097FF38 /* DeviceCollectionViewCell.xib in Resources */,
				10B8A24E2D1E9FC10097FF38 /* HomeViewController.xib in Resources */,
			);
			runOnlyForDeploymentPostprocessing = 0;
		};
		10B8A1DD2D1D641B0097FF38 /* Resources */ = {
			isa = PBXResourcesBuildPhase;
			buildActionMask = 2147483647;
			files = (
			);
			runOnlyForDeploymentPostprocessing = 0;
		};
		10B8A1E72D1D641B0097FF38 /* Resources */ = {
			isa = PBXResourcesBuildPhase;
			buildActionMask = 2147483647;
			files = (
			);
			runOnlyForDeploymentPostprocessing = 0;
		};
/* End PBXResourcesBuildPhase section */

/* Begin PBXShellScriptBuildPhase section */
		05850D705D5703C7C8AC6B46 /* [CP] Embed Pods Frameworks */ = {
			isa = PBXShellScriptBuildPhase;
			buildActionMask = 2147483647;
			files = (
			);
			inputFileListPaths = (
				"${PODS_ROOT}/Target Support Files/Pods-ControlHomeDevices/Pods-ControlHomeDevices-frameworks-${CONFIGURATION}-input-files.xcfilelist",
			);
			name = "[CP] Embed Pods Frameworks";
			outputFileListPaths = (
				"${PODS_ROOT}/Target Support Files/Pods-ControlHomeDevices/Pods-ControlHomeDevices-frameworks-${CONFIGURATION}-output-files.xcfilelist",
			);
			runOnlyForDeploymentPostprocessing = 0;
			shellPath = /bin/sh;
			shellScript = "\"${PODS_ROOT}/Target Support Files/Pods-ControlHomeDevices/Pods-ControlHomeDevices-frameworks.sh\"\n";
			showEnvVarsInLog = 0;
		};
		10B8A2202D1DA6C00097FF38 /* Swift Gen */ = {
			isa = PBXShellScriptBuildPhase;
			buildActionMask = 12;
			files = (
			);
			inputFileListPaths = (
			);
			inputPaths = (
			);
			name = "Swift Gen";
			outputFileListPaths = (
			);
			outputPaths = (
			);
			runOnlyForDeploymentPostprocessing = 0;
			shellPath = /bin/sh;
			shellScript = "# Type a script or drag a script file from your workspace to insert its path.\nexport PATH=\"$PATH:/opt/homebrew/bin\"\nif which swiftgen >& /dev/null; then\n  swiftgen config run --config ControlHomeDevices/App/swiftgen.config.yml\nelse\n  echo \"error: SwiftGen not installed, download from https://github.com/SwiftGen/SwiftGen\"\nfi\n\n";
		};
		4CF8F2BB91F5B1C3C35786C8 /* [CP] Embed Pods Frameworks */ = {
			isa = PBXShellScriptBuildPhase;
			buildActionMask = 2147483647;
			files = (
			);
			inputFileListPaths = (
				"${PODS_ROOT}/Target Support Files/Pods-ControlHomeDevices-ControlHomeDevicesUITests/Pods-ControlHomeDevices-ControlHomeDevicesUITests-frameworks-${CONFIGURATION}-input-files.xcfilelist",
			);
			name = "[CP] Embed Pods Frameworks";
			outputFileListPaths = (
				"${PODS_ROOT}/Target Support Files/Pods-ControlHomeDevices-ControlHomeDevicesUITests/Pods-ControlHomeDevices-ControlHomeDevicesUITests-frameworks-${CONFIGURATION}-output-files.xcfilelist",
			);
			runOnlyForDeploymentPostprocessing = 0;
			shellPath = /bin/sh;
			shellScript = "\"${PODS_ROOT}/Target Support Files/Pods-ControlHomeDevices-ControlHomeDevicesUITests/Pods-ControlHomeDevices-ControlHomeDevicesUITests-frameworks.sh\"\n";
			showEnvVarsInLog = 0;
		};
		71ABD6C4EB225C3436B0978F /* [CP] Check Pods Manifest.lock */ = {
			isa = PBXShellScriptBuildPhase;
			buildActionMask = 2147483647;
			files = (
			);
			inputFileListPaths = (
			);
			inputPaths = (
				"${PODS_PODFILE_DIR_PATH}/Podfile.lock",
				"${PODS_ROOT}/Manifest.lock",
			);
			name = "[CP] Check Pods Manifest.lock";
			outputFileListPaths = (
			);
			outputPaths = (
				"$(DERIVED_FILE_DIR)/Pods-ControlHomeDevicesTests-checkManifestLockResult.txt",
			);
			runOnlyForDeploymentPostprocessing = 0;
			shellPath = /bin/sh;
			shellScript = "diff \"${PODS_PODFILE_DIR_PATH}/Podfile.lock\" \"${PODS_ROOT}/Manifest.lock\" > /dev/null\nif [ $? != 0 ] ; then\n    # print error to STDERR\n    echo \"error: The sandbox is not in sync with the Podfile.lock. Run 'pod install' or update your CocoaPods installation.\" >&2\n    exit 1\nfi\n# This output is used by Xcode 'outputs' to avoid re-running this script phase.\necho \"SUCCESS\" > \"${SCRIPT_OUTPUT_FILE_0}\"\n";
			showEnvVarsInLog = 0;
		};
		94E72A66DD68E818D8DFC689 /* [CP] Check Pods Manifest.lock */ = {
			isa = PBXShellScriptBuildPhase;
			buildActionMask = 2147483647;
			files = (
			);
			inputFileListPaths = (
			);
			inputPaths = (
				"${PODS_PODFILE_DIR_PATH}/Podfile.lock",
				"${PODS_ROOT}/Manifest.lock",
			);
			name = "[CP] Check Pods Manifest.lock";
			outputFileListPaths = (
			);
			outputPaths = (
				"$(DERIVED_FILE_DIR)/Pods-ControlHomeDevices-checkManifestLockResult.txt",
			);
			runOnlyForDeploymentPostprocessing = 0;
			shellPath = /bin/sh;
			shellScript = "diff \"${PODS_PODFILE_DIR_PATH}/Podfile.lock\" \"${PODS_ROOT}/Manifest.lock\" > /dev/null\nif [ $? != 0 ] ; then\n    # print error to STDERR\n    echo \"error: The sandbox is not in sync with the Podfile.lock. Run 'pod install' or update your CocoaPods installation.\" >&2\n    exit 1\nfi\n# This output is used by Xcode 'outputs' to avoid re-running this script phase.\necho \"SUCCESS\" > \"${SCRIPT_OUTPUT_FILE_0}\"\n";
			showEnvVarsInLog = 0;
		};
		EF5679238A05D157F0989C2A /* [CP] Check Pods Manifest.lock */ = {
			isa = PBXShellScriptBuildPhase;
			buildActionMask = 2147483647;
			files = (
			);
			inputFileListPaths = (
			);
			inputPaths = (
				"${PODS_PODFILE_DIR_PATH}/Podfile.lock",
				"${PODS_ROOT}/Manifest.lock",
			);
			name = "[CP] Check Pods Manifest.lock";
			outputFileListPaths = (
			);
			outputPaths = (
				"$(DERIVED_FILE_DIR)/Pods-ControlHomeDevices-ControlHomeDevicesUITests-checkManifestLockResult.txt",
			);
			runOnlyForDeploymentPostprocessing = 0;
			shellPath = /bin/sh;
			shellScript = "diff \"${PODS_PODFILE_DIR_PATH}/Podfile.lock\" \"${PODS_ROOT}/Manifest.lock\" > /dev/null\nif [ $? != 0 ] ; then\n    # print error to STDERR\n    echo \"error: The sandbox is not in sync with the Podfile.lock. Run 'pod install' or update your CocoaPods installation.\" >&2\n    exit 1\nfi\n# This output is used by Xcode 'outputs' to avoid re-running this script phase.\necho \"SUCCESS\" > \"${SCRIPT_OUTPUT_FILE_0}\"\n";
			showEnvVarsInLog = 0;
		};
/* End PBXShellScriptBuildPhase section */

/* Begin PBXSourcesBuildPhase section */
		10B8A1C52D1D64160097FF38 /* Sources */ = {
			isa = PBXSourcesBuildPhase;
			buildActionMask = 2147483647;
			files = (
				10B8A1D12D1D64160097FF38 /* ViewController.swift in Sources */,
				10B8A1CD2D1D64160097FF38 /* AppDelegate.swift in Sources */,
				10B8A1CF2D1D64160097FF38 /* SceneDelegate.swift in Sources */,
				10B8A2102D1D7B930097FF38 /* LoginViewController.swift in Sources */,
				10B8A2052D1D65E70097FF38 /* Constants.swift in Sources */,
				10B8A24D2D1E9FC10097FF38 /* HomeViewController.swift in Sources */,
				10B8A2522D1EA41D0097FF38 /* HomeViewModel.swift in Sources */,
				10B8A2482D1E9D320097FF38 /* DeviceType.swift in Sources */,
				10B8A2462D1E9CBD0097FF38 /* Device.swift in Sources */,
				10B8A25A2D1EB8810097FF38 /* DeviceCollectionViewCell.swift in Sources */,
				10B8A2442D1DF0420097FF38 /* Strings.swift in Sources */,
				10B8A2502D1EA1340097FF38 /* Room.swift in Sources */,
				10B8A2562D1EB8690097FF38 /* RoomCollectionViewCell.swift in Sources */,
			);
			runOnlyForDeploymentPostprocessing = 0;
		};
		10B8A1DB2D1D641B0097FF38 /* Sources */ = {
			isa = PBXSourcesBuildPhase;
			buildActionMask = 2147483647;
			files = (
				10B8A1E42D1D641B0097FF38 /* ControlHomeDevicesTests.swift in Sources */,
			);
			runOnlyForDeploymentPostprocessing = 0;
		};
		10B8A1E52D1D641B0097FF38 /* Sources */ = {
			isa = PBXSourcesBuildPhase;
			buildActionMask = 2147483647;
			files = (
				10B8A1EE2D1D641B0097FF38 /* ControlHomeDevicesUITests.swift in Sources */,
				10B8A1F02D1D641B0097FF38 /* ControlHomeDevicesUITestsLaunchTests.swift in Sources */,
			);
			runOnlyForDeploymentPostprocessing = 0;
		};
/* End PBXSourcesBuildPhase section */

/* Begin PBXTargetDependency section */
		10B8A1E12D1D641B0097FF38 /* PBXTargetDependency */ = {
			isa = PBXTargetDependency;
			target = 10B8A1C82D1D64160097FF38 /* ControlHomeDevices */;
			targetProxy = 10B8A1E02D1D641B0097FF38 /* PBXContainerItemProxy */;
		};
		10B8A1EB2D1D641B0097FF38 /* PBXTargetDependency */ = {
			isa = PBXTargetDependency;
			target = 10B8A1C82D1D64160097FF38 /* ControlHomeDevices */;
			targetProxy = 10B8A1EA2D1D641B0097FF38 /* PBXContainerItemProxy */;
		};
/* End PBXTargetDependency section */

/* Begin PBXVariantGroup section */
		10B8A1D22D1D64160097FF38 /* Main.storyboard */ = {
			isa = PBXVariantGroup;
			children = (
				10B8A1D32D1D64160097FF38 /* Base */,
				10B8A22F2D1DBCFB0097FF38 /* en */,
				10B8A2362D1DBDEE0097FF38 /* fr */,
			);
			name = Main.storyboard;
			sourceTree = "<group>";
		};
		10B8A1D72D1D641A0097FF38 /* LaunchScreen.storyboard */ = {
			isa = PBXVariantGroup;
			children = (
				10B8A1D82D1D641A0097FF38 /* Base */,
				10B8A2372D1DBDEE0097FF38 /* fr */,
			);
			name = LaunchScreen.storyboard;
			sourceTree = "<group>";
		};
		10B8A2342D1DBD230097FF38 /* Localizable.strings */ = {
			isa = PBXVariantGroup;
			children = (
				10B8A2332D1DBD230097FF38 /* en */,
				10B8A2382D1DBDEE0097FF38 /* fr */,
			);
			name = Localizable.strings;
			sourceTree = "<group>";
		};
/* End PBXVariantGroup section */

/* Begin XCBuildConfiguration section */
		10B8A1F12D1D641B0097FF38 /* Debug */ = {
			isa = XCBuildConfiguration;
			buildSettings = {
				ALWAYS_SEARCH_USER_PATHS = NO;
				ASSETCATALOG_COMPILER_GENERATE_SWIFT_ASSET_SYMBOL_EXTENSIONS = YES;
				CLANG_ANALYZER_LOCALIZABILITY_NONLOCALIZED = YES;
				CLANG_ANALYZER_NONNULL = YES;
				CLANG_ANALYZER_NUMBER_OBJECT_CONVERSION = YES_AGGRESSIVE;
				CLANG_CXX_LANGUAGE_STANDARD = "gnu++20";
				CLANG_ENABLE_MODULES = YES;
				CLANG_ENABLE_OBJC_ARC = YES;
				CLANG_ENABLE_OBJC_WEAK = YES;
				CLANG_WARN_BLOCK_CAPTURE_AUTORELEASING = YES;
				CLANG_WARN_BOOL_CONVERSION = YES;
				CLANG_WARN_COMMA = YES;
				CLANG_WARN_CONSTANT_CONVERSION = YES;
				CLANG_WARN_DEPRECATED_OBJC_IMPLEMENTATIONS = YES;
				CLANG_WARN_DIRECT_OBJC_ISA_USAGE = YES_ERROR;
				CLANG_WARN_DOCUMENTATION_COMMENTS = YES;
				CLANG_WARN_EMPTY_BODY = YES;
				CLANG_WARN_ENUM_CONVERSION = YES;
				CLANG_WARN_INFINITE_RECURSION = YES;
				CLANG_WARN_INT_CONVERSION = YES;
				CLANG_WARN_NON_LITERAL_NULL_CONVERSION = YES;
				CLANG_WARN_OBJC_IMPLICIT_RETAIN_SELF = YES;
				CLANG_WARN_OBJC_LITERAL_CONVERSION = YES;
				CLANG_WARN_OBJC_ROOT_CLASS = YES_ERROR;
				CLANG_WARN_QUOTED_INCLUDE_IN_FRAMEWORK_HEADER = YES;
				CLANG_WARN_RANGE_LOOP_ANALYSIS = YES;
				CLANG_WARN_STRICT_PROTOTYPES = YES;
				CLANG_WARN_SUSPICIOUS_MOVE = YES;
				CLANG_WARN_UNGUARDED_AVAILABILITY = YES_AGGRESSIVE;
				CLANG_WARN_UNREACHABLE_CODE = YES;
				CLANG_WARN__DUPLICATE_METHOD_MATCH = YES;
				COPY_PHASE_STRIP = NO;
				DEBUG_INFORMATION_FORMAT = dwarf;
				ENABLE_STRICT_OBJC_MSGSEND = YES;
				ENABLE_TESTABILITY = YES;
				ENABLE_USER_SCRIPT_SANDBOXING = YES;
				GCC_C_LANGUAGE_STANDARD = gnu17;
				GCC_DYNAMIC_NO_PIC = NO;
				GCC_NO_COMMON_BLOCKS = YES;
				GCC_OPTIMIZATION_LEVEL = 0;
				GCC_PREPROCESSOR_DEFINITIONS = (
					"DEBUG=1",
					"$(inherited)",
				);
				GCC_WARN_64_TO_32_BIT_CONVERSION = YES;
				GCC_WARN_ABOUT_RETURN_TYPE = YES_ERROR;
				GCC_WARN_UNDECLARED_SELECTOR = YES;
				GCC_WARN_UNINITIALIZED_AUTOS = YES_AGGRESSIVE;
				GCC_WARN_UNUSED_FUNCTION = YES;
				GCC_WARN_UNUSED_VARIABLE = YES;
				IPHONEOS_DEPLOYMENT_TARGET = 17.0;
				LOCALIZATION_PREFERS_STRING_CATALOGS = YES;
				MTL_ENABLE_DEBUG_INFO = INCLUDE_SOURCE;
				MTL_FAST_MATH = YES;
				ONLY_ACTIVE_ARCH = YES;
				SDKROOT = iphoneos;
				SWIFT_ACTIVE_COMPILATION_CONDITIONS = "DEBUG $(inherited)";
				SWIFT_OPTIMIZATION_LEVEL = "-Onone";
			};
			name = Debug;
		};
		10B8A1F22D1D641B0097FF38 /* Release */ = {
			isa = XCBuildConfiguration;
			buildSettings = {
				ALWAYS_SEARCH_USER_PATHS = NO;
				ASSETCATALOG_COMPILER_GENERATE_SWIFT_ASSET_SYMBOL_EXTENSIONS = YES;
				CLANG_ANALYZER_LOCALIZABILITY_NONLOCALIZED = YES;
				CLANG_ANALYZER_NONNULL = YES;
				CLANG_ANALYZER_NUMBER_OBJECT_CONVERSION = YES_AGGRESSIVE;
				CLANG_CXX_LANGUAGE_STANDARD = "gnu++20";
				CLANG_ENABLE_MODULES = YES;
				CLANG_ENABLE_OBJC_ARC = YES;
				CLANG_ENABLE_OBJC_WEAK = YES;
				CLANG_WARN_BLOCK_CAPTURE_AUTORELEASING = YES;
				CLANG_WARN_BOOL_CONVERSION = YES;
				CLANG_WARN_COMMA = YES;
				CLANG_WARN_CONSTANT_CONVERSION = YES;
				CLANG_WARN_DEPRECATED_OBJC_IMPLEMENTATIONS = YES;
				CLANG_WARN_DIRECT_OBJC_ISA_USAGE = YES_ERROR;
				CLANG_WARN_DOCUMENTATION_COMMENTS = YES;
				CLANG_WARN_EMPTY_BODY = YES;
				CLANG_WARN_ENUM_CONVERSION = YES;
				CLANG_WARN_INFINITE_RECURSION = YES;
				CLANG_WARN_INT_CONVERSION = YES;
				CLANG_WARN_NON_LITERAL_NULL_CONVERSION = YES;
				CLANG_WARN_OBJC_IMPLICIT_RETAIN_SELF = YES;
				CLANG_WARN_OBJC_LITERAL_CONVERSION = YES;
				CLANG_WARN_OBJC_ROOT_CLASS = YES_ERROR;
				CLANG_WARN_QUOTED_INCLUDE_IN_FRAMEWORK_HEADER = YES;
				CLANG_WARN_RANGE_LOOP_ANALYSIS = YES;
				CLANG_WARN_STRICT_PROTOTYPES = YES;
				CLANG_WARN_SUSPICIOUS_MOVE = YES;
				CLANG_WARN_UNGUARDED_AVAILABILITY = YES_AGGRESSIVE;
				CLANG_WARN_UNREACHABLE_CODE = YES;
				CLANG_WARN__DUPLICATE_METHOD_MATCH = YES;
				COPY_PHASE_STRIP = NO;
				DEBUG_INFORMATION_FORMAT = "dwarf-with-dsym";
				ENABLE_NS_ASSERTIONS = NO;
				ENABLE_STRICT_OBJC_MSGSEND = YES;
				ENABLE_USER_SCRIPT_SANDBOXING = YES;
				GCC_C_LANGUAGE_STANDARD = gnu17;
				GCC_NO_COMMON_BLOCKS = YES;
				GCC_WARN_64_TO_32_BIT_CONVERSION = YES;
				GCC_WARN_ABOUT_RETURN_TYPE = YES_ERROR;
				GCC_WARN_UNDECLARED_SELECTOR = YES;
				GCC_WARN_UNINITIALIZED_AUTOS = YES_AGGRESSIVE;
				GCC_WARN_UNUSED_FUNCTION = YES;
				GCC_WARN_UNUSED_VARIABLE = YES;
				IPHONEOS_DEPLOYMENT_TARGET = 17.0;
				LOCALIZATION_PREFERS_STRING_CATALOGS = YES;
				MTL_ENABLE_DEBUG_INFO = NO;
				MTL_FAST_MATH = YES;
				SDKROOT = iphoneos;
				SWIFT_COMPILATION_MODE = wholemodule;
				VALIDATE_PRODUCT = YES;
			};
			name = Release;
		};
		10B8A1F42D1D641B0097FF38 /* Debug */ = {
			isa = XCBuildConfiguration;
			baseConfigurationReference = 8727809FE5B75D0BC4DBB721 /* Pods-ControlHomeDevices.debug.xcconfig */;
			buildSettings = {
				ASSETCATALOG_COMPILER_APPICON_NAME = AppIcon;
				ASSETCATALOG_COMPILER_GLOBAL_ACCENT_COLOR_NAME = AccentColor;
				CODE_SIGN_STYLE = Automatic;
				CURRENT_PROJECT_VERSION = 1;
				ENABLE_USER_SCRIPT_SANDBOXING = NO;
				GENERATE_INFOPLIST_FILE = YES;
				INFOPLIST_FILE = ControlHomeDevices/Info.plist;
				INFOPLIST_KEY_UIApplicationSupportsIndirectInputEvents = YES;
				INFOPLIST_KEY_UILaunchStoryboardName = LaunchScreen;
				INFOPLIST_KEY_UIMainStoryboardFile = Main;
				INFOPLIST_KEY_UISupportedInterfaceOrientations_iPad = "UIInterfaceOrientationPortrait UIInterfaceOrientationPortraitUpsideDown UIInterfaceOrientationLandscapeLeft UIInterfaceOrientationLandscapeRight";
				INFOPLIST_KEY_UISupportedInterfaceOrientations_iPhone = "UIInterfaceOrientationPortrait UIInterfaceOrientationLandscapeLeft UIInterfaceOrientationLandscapeRight";
				IPHONEOS_DEPLOYMENT_TARGET = 13.0;
				LD_RUNPATH_SEARCH_PATHS = (
					"$(inherited)",
					"@executable_path/Frameworks",
				);
				MARKETING_VERSION = 1.0;
				PRODUCT_BUNDLE_IDENTIFIER = testXcode.ControlHomeDevices;
				PRODUCT_NAME = "$(TARGET_NAME)";
				SWIFT_EMIT_LOC_STRINGS = YES;
				SWIFT_VERSION = 5.0;
				TARGETED_DEVICE_FAMILY = "1,2";
			};
			name = Debug;
		};
		10B8A1F52D1D641B0097FF38 /* Release */ = {
			isa = XCBuildConfiguration;
			baseConfigurationReference = B4BD981A13BD518CC9E6F406 /* Pods-ControlHomeDevices.release.xcconfig */;
			buildSettings = {
				ASSETCATALOG_COMPILER_APPICON_NAME = AppIcon;
				ASSETCATALOG_COMPILER_GLOBAL_ACCENT_COLOR_NAME = AccentColor;
				CODE_SIGN_STYLE = Automatic;
				CURRENT_PROJECT_VERSION = 1;
				ENABLE_USER_SCRIPT_SANDBOXING = NO;
				GENERATE_INFOPLIST_FILE = YES;
				INFOPLIST_FILE = ControlHomeDevices/Info.plist;
				INFOPLIST_KEY_UIApplicationSupportsIndirectInputEvents = YES;
				INFOPLIST_KEY_UILaunchStoryboardName = LaunchScreen;
				INFOPLIST_KEY_UIMainStoryboardFile = Main;
				INFOPLIST_KEY_UISupportedInterfaceOrientations_iPad = "UIInterfaceOrientationPortrait UIInterfaceOrientationPortraitUpsideDown UIInterfaceOrientationLandscapeLeft UIInterfaceOrientationLandscapeRight";
				INFOPLIST_KEY_UISupportedInterfaceOrientations_iPhone = "UIInterfaceOrientationPortrait UIInterfaceOrientationLandscapeLeft UIInterfaceOrientationLandscapeRight";
				IPHONEOS_DEPLOYMENT_TARGET = 13.0;
				LD_RUNPATH_SEARCH_PATHS = (
					"$(inherited)",
					"@executable_path/Frameworks",
				);
				MARKETING_VERSION = 1.0;
				PRODUCT_BUNDLE_IDENTIFIER = testXcode.ControlHomeDevices;
				PRODUCT_NAME = "$(TARGET_NAME)";
				SWIFT_EMIT_LOC_STRINGS = YES;
				SWIFT_VERSION = 5.0;
				TARGETED_DEVICE_FAMILY = "1,2";
			};
			name = Release;
		};
		10B8A1F72D1D641B0097FF38 /* Debug */ = {
			isa = XCBuildConfiguration;
			baseConfigurationReference = 7D121CB8999D50D4D06C1C63 /* Pods-ControlHomeDevicesTests.debug.xcconfig */;
			buildSettings = {
				ALWAYS_EMBED_SWIFT_STANDARD_LIBRARIES = YES;
				BUNDLE_LOADER = "$(TEST_HOST)";
				CODE_SIGN_STYLE = Automatic;
				CURRENT_PROJECT_VERSION = 1;
				GENERATE_INFOPLIST_FILE = YES;
				IPHONEOS_DEPLOYMENT_TARGET = 17.0;
				MARKETING_VERSION = 1.0;
				PRODUCT_BUNDLE_IDENTIFIER = testXcode.ControlHomeDevicesTests;
				PRODUCT_NAME = "$(TARGET_NAME)";
				SWIFT_EMIT_LOC_STRINGS = NO;
				SWIFT_VERSION = 5.0;
				TARGETED_DEVICE_FAMILY = "1,2";
				TEST_HOST = "$(BUILT_PRODUCTS_DIR)/ControlHomeDevices.app/$(BUNDLE_EXECUTABLE_FOLDER_PATH)/ControlHomeDevices";
			};
			name = Debug;
		};
		10B8A1F82D1D641B0097FF38 /* Release */ = {
			isa = XCBuildConfiguration;
			baseConfigurationReference = 467CC94B1F99EB16D5D85BF4 /* Pods-ControlHomeDevicesTests.release.xcconfig */;
			buildSettings = {
				ALWAYS_EMBED_SWIFT_STANDARD_LIBRARIES = YES;
				BUNDLE_LOADER = "$(TEST_HOST)";
				CODE_SIGN_STYLE = Automatic;
				CURRENT_PROJECT_VERSION = 1;
				GENERATE_INFOPLIST_FILE = YES;
				IPHONEOS_DEPLOYMENT_TARGET = 17.0;
				MARKETING_VERSION = 1.0;
				PRODUCT_BUNDLE_IDENTIFIER = testXcode.ControlHomeDevicesTests;
				PRODUCT_NAME = "$(TARGET_NAME)";
				SWIFT_EMIT_LOC_STRINGS = NO;
				SWIFT_VERSION = 5.0;
				TARGETED_DEVICE_FAMILY = "1,2";
				TEST_HOST = "$(BUILT_PRODUCTS_DIR)/ControlHomeDevices.app/$(BUNDLE_EXECUTABLE_FOLDER_PATH)/ControlHomeDevices";
			};
			name = Release;
		};
		10B8A1FA2D1D641B0097FF38 /* Debug */ = {
			isa = XCBuildConfiguration;
			baseConfigurationReference = C4FE8CE9159D387FF91353C3 /* Pods-ControlHomeDevices-ControlHomeDevicesUITests.debug.xcconfig */;
			buildSettings = {
				ALWAYS_EMBED_SWIFT_STANDARD_LIBRARIES = YES;
				CODE_SIGN_STYLE = Automatic;
				CURRENT_PROJECT_VERSION = 1;
				GENERATE_INFOPLIST_FILE = YES;
				MARKETING_VERSION = 1.0;
				PRODUCT_BUNDLE_IDENTIFIER = testXcode.ControlHomeDevicesUITests;
				PRODUCT_NAME = "$(TARGET_NAME)";
				SWIFT_EMIT_LOC_STRINGS = NO;
				SWIFT_VERSION = 5.0;
				TARGETED_DEVICE_FAMILY = "1,2";
				TEST_TARGET_NAME = ControlHomeDevices;
			};
			name = Debug;
		};
		10B8A1FB2D1D641B0097FF38 /* Release */ = {
			isa = XCBuildConfiguration;
			baseConfigurationReference = 1BCC06A483632A9BA236CF42 /* Pods-ControlHomeDevices-ControlHomeDevicesUITests.release.xcconfig */;
			buildSettings = {
				ALWAYS_EMBED_SWIFT_STANDARD_LIBRARIES = YES;
				CODE_SIGN_STYLE = Automatic;
				CURRENT_PROJECT_VERSION = 1;
				GENERATE_INFOPLIST_FILE = YES;
				MARKETING_VERSION = 1.0;
				PRODUCT_BUNDLE_IDENTIFIER = testXcode.ControlHomeDevicesUITests;
				PRODUCT_NAME = "$(TARGET_NAME)";
				SWIFT_EMIT_LOC_STRINGS = NO;
				SWIFT_VERSION = 5.0;
				TARGETED_DEVICE_FAMILY = "1,2";
				TEST_TARGET_NAME = ControlHomeDevices;
			};
			name = Release;
		};
/* End XCBuildConfiguration section */

/* Begin XCConfigurationList section */
		10B8A1C42D1D64160097FF38 /* Build configuration list for PBXProject "ControlHomeDevices" */ = {
			isa = XCConfigurationList;
			buildConfigurations = (
				10B8A1F12D1D641B0097FF38 /* Debug */,
				10B8A1F22D1D641B0097FF38 /* Release */,
			);
			defaultConfigurationIsVisible = 0;
			defaultConfigurationName = Release;
		};
		10B8A1F32D1D641B0097FF38 /* Build configuration list for PBXNativeTarget "ControlHomeDevices" */ = {
			isa = XCConfigurationList;
			buildConfigurations = (
				10B8A1F42D1D641B0097FF38 /* Debug */,
				10B8A1F52D1D641B0097FF38 /* Release */,
			);
			defaultConfigurationIsVisible = 0;
			defaultConfigurationName = Release;
		};
		10B8A1F62D1D641B0097FF38 /* Build configuration list for PBXNativeTarget "ControlHomeDevicesTests" */ = {
			isa = XCConfigurationList;
			buildConfigurations = (
				10B8A1F72D1D641B0097FF38 /* Debug */,
				10B8A1F82D1D641B0097FF38 /* Release */,
			);
			defaultConfigurationIsVisible = 0;
			defaultConfigurationName = Release;
		};
		10B8A1F92D1D641B0097FF38 /* Build configuration list for PBXNativeTarget "ControlHomeDevicesUITests" */ = {
			isa = XCConfigurationList;
			buildConfigurations = (
				10B8A1FA2D1D641B0097FF38 /* Debug */,
				10B8A1FB2D1D641B0097FF38 /* Release */,
			);
			defaultConfigurationIsVisible = 0;
			defaultConfigurationName = Release;
		};
/* End XCConfigurationList section */
	};
	rootObject = 10B8A1C12D1D64160097FF38 /* Project object */;
}
